// !$*UTF8*$!
{
	archiveVersion = 1;
	classes = {
	};
	objectVersion = 50;
	objects = {

/* Begin PBXBuildFile section */
		7541B8622363952A005B1A94 /* ViewController.swift in Sources */ = {isa = PBXBuildFile; fileRef = 7541B8612363952A005B1A94 /* ViewController.swift */; };
		754319FC235A03370001B6FF /* StartScene.sks in Resources */ = {isa = PBXBuildFile; fileRef = 754319FB235A03370001B6FF /* StartScene.sks */; };
		754319FE235A04AB0001B6FF /* StartScene.swift in Sources */ = {isa = PBXBuildFile; fileRef = 754319FD235A04AB0001B6FF /* StartScene.swift */; };
		7562CC4F2357566D00C4D33C /* AppDelegate.swift in Sources */ = {isa = PBXBuildFile; fileRef = 7562CC4E2357566D00C4D33C /* AppDelegate.swift */; };
		7562CC512357566D00C4D33C /* GameScene.sks in Resources */ = {isa = PBXBuildFile; fileRef = 7562CC502357566D00C4D33C /* GameScene.sks */; };
		7562CC532357566D00C4D33C /* Actions.sks in Resources */ = {isa = PBXBuildFile; fileRef = 7562CC522357566D00C4D33C /* Actions.sks */; };
		7562CC552357566D00C4D33C /* GameScene.swift in Sources */ = {isa = PBXBuildFile; fileRef = 7562CC542357566D00C4D33C /* GameScene.swift */; };
		7562CC572357566D00C4D33C /* GameViewController.swift in Sources */ = {isa = PBXBuildFile; fileRef = 7562CC562357566D00C4D33C /* GameViewController.swift */; };
		7562CC5A2357566D00C4D33C /* Main.storyboard in Resources */ = {isa = PBXBuildFile; fileRef = 7562CC582357566D00C4D33C /* Main.storyboard */; };
		7562CC5C2357566E00C4D33C /* Assets.xcassets in Resources */ = {isa = PBXBuildFile; fileRef = 7562CC5B2357566E00C4D33C /* Assets.xcassets */; };
		7562CC5F2357566E00C4D33C /* LaunchScreen.storyboard in Resources */ = {isa = PBXBuildFile; fileRef = 7562CC5D2357566E00C4D33C /* LaunchScreen.storyboard */; };
		7562CC6A2357566E00C4D33C /* project4Tests.swift in Sources */ = {isa = PBXBuildFile; fileRef = 7562CC692357566E00C4D33C /* project4Tests.swift */; };
		7562CC752357566E00C4D33C /* project4UITests.swift in Sources */ = {isa = PBXBuildFile; fileRef = 7562CC742357566E00C4D33C /* project4UITests.swift */; };
		7562CC83235756E500C4D33C /* StartViewController.swift in Sources */ = {isa = PBXBuildFile; fileRef = 7562CC82235756E500C4D33C /* StartViewController.swift */; };
		758941C623622B8C002A856C /* TableViewController.swift in Sources */ = {isa = PBXBuildFile; fileRef = 758941C523622B8C002A856C /* TableViewController.swift */; };
/* End PBXBuildFile section */

/* Begin PBXContainerItemProxy section */
		7562CC662357566E00C4D33C /* PBXContainerItemProxy */ = {
			isa = PBXContainerItemProxy;
			containerPortal = 7562CC432357566D00C4D33C /* Project object */;
			proxyType = 1;
			remoteGlobalIDString = 7562CC4A2357566D00C4D33C;
			remoteInfo = project4;
		};
		7562CC712357566E00C4D33C /* PBXContainerItemProxy */ = {
			isa = PBXContainerItemProxy;
			containerPortal = 7562CC432357566D00C4D33C /* Project object */;
			proxyType = 1;
			remoteGlobalIDString = 7562CC4A2357566D00C4D33C;
			remoteInfo = project4;
		};
/* End PBXContainerItemProxy section */

/* Begin PBXFileReference section */
		7541B8612363952A005B1A94 /* ViewController.swift */ = {isa = PBXFileReference; lastKnownFileType = sourcecode.swift; path = ViewController.swift; sourceTree = "<group>"; };
		754319FB235A03370001B6FF /* StartScene.sks */ = {isa = PBXFileReference; lastKnownFileType = file.sks; path = StartScene.sks; sourceTree = "<group>"; };
		754319FD235A04AB0001B6FF /* StartScene.swift */ = {isa = PBXFileReference; lastKnownFileType = sourcecode.swift; path = StartScene.swift; sourceTree = "<group>"; };
		7562CC4B2357566D00C4D33C /* project4.app */ = {isa = PBXFileReference; explicitFileType = wrapper.application; includeInIndex = 0; path = project4.app; sourceTree = BUILT_PRODUCTS_DIR; };
		7562CC4E2357566D00C4D33C /* AppDelegate.swift */ = {isa = PBXFileReference; lastKnownFileType = sourcecode.swift; path = AppDelegate.swift; sourceTree = "<group>"; };
		7562CC502357566D00C4D33C /* GameScene.sks */ = {isa = PBXFileReference; lastKnownFileType = file.sks; path = GameScene.sks; sourceTree = "<group>"; };
		7562CC522357566D00C4D33C /* Actions.sks */ = {isa = PBXFileReference; lastKnownFileType = file.sks; path = Actions.sks; sourceTree = "<group>"; };
		7562CC542357566D00C4D33C /* GameScene.swift */ = {isa = PBXFileReference; lastKnownFileType = sourcecode.swift; path = GameScene.swift; sourceTree = "<group>"; };
		7562CC562357566D00C4D33C /* GameViewController.swift */ = {isa = PBXFileReference; lastKnownFileType = sourcecode.swift; path = GameViewController.swift; sourceTree = "<group>"; };
		7562CC592357566D00C4D33C /* Base */ = {isa = PBXFileReference; lastKnownFileType = file.storyboard; name = Base; path = Base.lproj/Main.storyboard; sourceTree = "<group>"; };
		7562CC5B2357566E00C4D33C /* Assets.xcassets */ = {isa = PBXFileReference; lastKnownFileType = folder.assetcatalog; path = Assets.xcassets; sourceTree = "<group>"; };
		7562CC5E2357566E00C4D33C /* Base */ = {isa = PBXFileReference; lastKnownFileType = file.storyboard; name = Base; path = Base.lproj/LaunchScreen.storyboard; sourceTree = "<group>"; };
		7562CC602357566E00C4D33C /* Info.plist */ = {isa = PBXFileReference; lastKnownFileType = text.plist.xml; path = Info.plist; sourceTree = "<group>"; };
		7562CC652357566E00C4D33C /* project4Tests.xctest */ = {isa = PBXFileReference; explicitFileType = wrapper.cfbundle; includeInIndex = 0; path = project4Tests.xctest; sourceTree = BUILT_PRODUCTS_DIR; };
		7562CC692357566E00C4D33C /* project4Tests.swift */ = {isa = PBXFileReference; lastKnownFileType = sourcecode.swift; path = project4Tests.swift; sourceTree = "<group>"; };
		7562CC6B2357566E00C4D33C /* Info.plist */ = {isa = PBXFileReference; lastKnownFileType = text.plist.xml; path = Info.plist; sourceTree = "<group>"; };
		7562CC702357566E00C4D33C /* project4UITests.xctest */ = {isa = PBXFileReference; explicitFileType = wrapper.cfbundle; includeInIndex = 0; path = project4UITests.xctest; sourceTree = BUILT_PRODUCTS_DIR; };
		7562CC742357566E00C4D33C /* project4UITests.swift */ = {isa = PBXFileReference; lastKnownFileType = sourcecode.swift; path = project4UITests.swift; sourceTree = "<group>"; };
		7562CC762357566E00C4D33C /* Info.plist */ = {isa = PBXFileReference; lastKnownFileType = text.plist.xml; path = Info.plist; sourceTree = "<group>"; };
		7562CC82235756E500C4D33C /* StartViewController.swift */ = {isa = PBXFileReference; lastKnownFileType = sourcecode.swift; path = StartViewController.swift; sourceTree = "<group>"; };
		758941C523622B8C002A856C /* TableViewController.swift */ = {isa = PBXFileReference; lastKnownFileType = sourcecode.swift; path = TableViewController.swift; sourceTree = "<group>"; };
/* End PBXFileReference section */

/* Begin PBXFrameworksBuildPhase section */
		7562CC482357566D00C4D33C /* Frameworks */ = {
			isa = PBXFrameworksBuildPhase;
			buildActionMask = 2147483647;
			files = (
			);
			runOnlyForDeploymentPostprocessing = 0;
		};
		7562CC622357566E00C4D33C /* Frameworks */ = {
			isa = PBXFrameworksBuildPhase;
			buildActionMask = 2147483647;
			files = (
			);
			runOnlyForDeploymentPostprocessing = 0;
		};
		7562CC6D2357566E00C4D33C /* Frameworks */ = {
			isa = PBXFrameworksBuildPhase;
			buildActionMask = 2147483647;
			files = (
			);
			runOnlyForDeploymentPostprocessing = 0;
		};
/* End PBXFrameworksBuildPhase section */

/* Begin PBXGroup section */
		7562CC422357566D00C4D33C = {
			isa = PBXGroup;
			children = (
				7562CC4D2357566D00C4D33C /* project4 */,
				7562CC682357566E00C4D33C /* project4Tests */,
				7562CC732357566E00C4D33C /* project4UITests */,
				7562CC4C2357566D00C4D33C /* Products */,
			);
			sourceTree = "<group>";
		};
		7562CC4C2357566D00C4D33C /* Products */ = {
			isa = PBXGroup;
			children = (
				7562CC4B2357566D00C4D33C /* project4.app */,
				7562CC652357566E00C4D33C /* project4Tests.xctest */,
				7562CC702357566E00C4D33C /* project4UITests.xctest */,
			);
			name = Products;
			sourceTree = "<group>";
		};
		7562CC4D2357566D00C4D33C /* project4 */ = {
			isa = PBXGroup;
			children = (
				7562CC4E2357566D00C4D33C /* AppDelegate.swift */,
				7562CC522357566D00C4D33C /* Actions.sks */,
				7562CC502357566D00C4D33C /* GameScene.sks */,
				754319FB235A03370001B6FF /* StartScene.sks */,
				7562CC542357566D00C4D33C /* GameScene.swift */,
				754319FD235A04AB0001B6FF /* StartScene.swift */,
				7562CC562357566D00C4D33C /* GameViewController.swift */,
				758941C523622B8C002A856C /* TableViewController.swift */,
				7562CC82235756E500C4D33C /* StartViewController.swift */,
				7541B8612363952A005B1A94 /* ViewController.swift */,
				7562CC582357566D00C4D33C /* Main.storyboard */,
				7562CC5B2357566E00C4D33C /* Assets.xcassets */,
				7562CC5D2357566E00C4D33C /* LaunchScreen.storyboard */,
				7562CC602357566E00C4D33C /* Info.plist */,
			);
			path = project4;
			sourceTree = "<group>";
		};
		7562CC682357566E00C4D33C /* project4Tests */ = {
			isa = PBXGroup;
			children = (
				7562CC692357566E00C4D33C /* project4Tests.swift */,
				7562CC6B2357566E00C4D33C /* Info.plist */,
			);
			path = project4Tests;
			sourceTree = "<group>";
		};
		7562CC732357566E00C4D33C /* project4UITests */ = {
			isa = PBXGroup;
			children = (
				7562CC742357566E00C4D33C /* project4UITests.swift */,
				7562CC762357566E00C4D33C /* Info.plist */,
			);
			path = project4UITests;
			sourceTree = "<group>";
		};
/* End PBXGroup section */

/* Begin PBXNativeTarget section */
		7562CC4A2357566D00C4D33C /* project4 */ = {
			isa = PBXNativeTarget;
			buildConfigurationList = 7562CC792357566E00C4D33C /* Build configuration list for PBXNativeTarget "project4" */;
			buildPhases = (
				7562CC472357566D00C4D33C /* Sources */,
				7562CC482357566D00C4D33C /* Frameworks */,
				7562CC492357566D00C4D33C /* Resources */,
			);
			buildRules = (
			);
			dependencies = (
			);
			name = project4;
			productName = project4;
			productReference = 7562CC4B2357566D00C4D33C /* project4.app */;
			productType = "com.apple.product-type.application";
		};
		7562CC642357566E00C4D33C /* project4Tests */ = {
			isa = PBXNativeTarget;
			buildConfigurationList = 7562CC7C2357566E00C4D33C /* Build configuration list for PBXNativeTarget "project4Tests" */;
			buildPhases = (
				7562CC612357566E00C4D33C /* Sources */,
				7562CC622357566E00C4D33C /* Frameworks */,
				7562CC632357566E00C4D33C /* Resources */,
			);
			buildRules = (
			);
			dependencies = (
				7562CC672357566E00C4D33C /* PBXTargetDependency */,
			);
			name = project4Tests;
			productName = project4Tests;
			productReference = 7562CC652357566E00C4D33C /* project4Tests.xctest */;
			productType = "com.apple.product-type.bundle.unit-test";
		};
		7562CC6F2357566E00C4D33C /* project4UITests */ = {
			isa = PBXNativeTarget;
			buildConfigurationList = 7562CC7F2357566E00C4D33C /* Build configuration list for PBXNativeTarget "project4UITests" */;
			buildPhases = (
				7562CC6C2357566E00C4D33C /* Sources */,
				7562CC6D2357566E00C4D33C /* Frameworks */,
				7562CC6E2357566E00C4D33C /* Resources */,
			);
			buildRules = (
			);
			dependencies = (
				7562CC722357566E00C4D33C /* PBXTargetDependency */,
			);
			name = project4UITests;
			productName = project4UITests;
			productReference = 7562CC702357566E00C4D33C /* project4UITests.xctest */;
			productType = "com.apple.product-type.bundle.ui-testing";
		};
/* End PBXNativeTarget section */

/* Begin PBXProject section */
		7562CC432357566D00C4D33C /* Project object */ = {
			isa = PBXProject;
			attributes = {
				LastSwiftUpdateCheck = 1110;
				LastUpgradeCheck = 1110;
				ORGANIZATIONNAME = "Joseph Daniel Ramli";
				TargetAttributes = {
					7562CC4A2357566D00C4D33C = {
						CreatedOnToolsVersion = 11.1;
					};
					7562CC642357566E00C4D33C = {
						CreatedOnToolsVersion = 11.1;
						TestTargetID = 7562CC4A2357566D00C4D33C;
					};
					7562CC6F2357566E00C4D33C = {
						CreatedOnToolsVersion = 11.1;
						TestTargetID = 7562CC4A2357566D00C4D33C;
					};
				};
			};
			buildConfigurationList = 7562CC462357566D00C4D33C /* Build configuration list for PBXProject "project4" */;
			compatibilityVersion = "Xcode 9.3";
			developmentRegion = en;
			hasScannedForEncodings = 0;
			knownRegions = (
				en,
				Base,
			);
			mainGroup = 7562CC422357566D00C4D33C;
			productRefGroup = 7562CC4C2357566D00C4D33C /* Products */;
			projectDirPath = "";
			projectRoot = "";
			targets = (
				7562CC4A2357566D00C4D33C /* project4 */,
				7562CC642357566E00C4D33C /* project4Tests */,
				7562CC6F2357566E00C4D33C /* project4UITests */,
			);
		};
/* End PBXProject section */

/* Begin PBXResourcesBuildPhase section */
		7562CC492357566D00C4D33C /* Resources */ = {
			isa = PBXResourcesBuildPhase;
			buildActionMask = 2147483647;
			files = (
				7562CC5A2357566D00C4D33C /* Main.storyboard in Resources */,
				7562CC512357566D00C4D33C /* GameScene.sks in Resources */,
				7562CC5C2357566E00C4D33C /* Assets.xcassets in Resources */,
				754319FC235A03370001B6FF /* StartScene.sks in Resources */,
				7562CC5F2357566E00C4D33C /* LaunchScreen.storyboard in Resources */,
				7562CC532357566D00C4D33C /* Actions.sks in Resources */,
			);
			runOnlyForDeploymentPostprocessing = 0;
		};
		7562CC632357566E00C4D33C /* Resources */ = {
			isa = PBXResourcesBuildPhase;
			buildActionMask = 2147483647;
			files = (
			);
			runOnlyForDeploymentPostprocessing = 0;
		};
		7562CC6E2357566E00C4D33C /* Resources */ = {
			isa = PBXResourcesBuildPhase;
			buildActionMask = 2147483647;
			files = (
			);
			runOnlyForDeploymentPostprocessing = 0;
		};
/* End PBXResourcesBuildPhase section */

/* Begin PBXSourcesBuildPhase section */
		7562CC472357566D00C4D33C /* Sources */ = {
			isa = PBXSourcesBuildPhase;
			buildActionMask = 2147483647;
			files = (
				7562CC552357566D00C4D33C /* GameScene.swift in Sources */,
				758941C623622B8C002A856C /* TableViewController.swift in Sources */,
				7562CC83235756E500C4D33C /* StartViewController.swift in Sources */,
				7562CC572357566D00C4D33C /* GameViewController.swift in Sources */,
				7541B8622363952A005B1A94 /* ViewController.swift in Sources */,
				754319FE235A04AB0001B6FF /* StartScene.swift in Sources */,
				7562CC4F2357566D00C4D33C /* AppDelegate.swift in Sources */,
			);
			runOnlyForDeploymentPostprocessing = 0;
		};
		7562CC612357566E00C4D33C /* Sources */ = {
			isa = PBXSourcesBuildPhase;
			buildActionMask = 2147483647;
			files = (
				7562CC6A2357566E00C4D33C /* project4Tests.swift in Sources */,
			);
			runOnlyForDeploymentPostprocessing = 0;
		};
		7562CC6C2357566E00C4D33C /* Sources */ = {
			isa = PBXSourcesBuildPhase;
			buildActionMask = 2147483647;
			files = (
				7562CC752357566E00C4D33C /* project4UITests.swift in Sources */,
			);
			runOnlyForDeploymentPostprocessing = 0;
		};
/* End PBXSourcesBuildPhase section */

/* Begin PBXTargetDependency section */
		7562CC672357566E00C4D33C /* PBXTargetDependency */ = {
			isa = PBXTargetDependency;
			target = 7562CC4A2357566D00C4D33C /* project4 */;
			targetProxy = 7562CC662357566E00C4D33C /* PBXContainerItemProxy */;
		};
		7562CC722357566E00C4D33C /* PBXTargetDependency */ = {
			isa = PBXTargetDependency;
			target = 7562CC4A2357566D00C4D33C /* project4 */;
			targetProxy = 7562CC712357566E00C4D33C /* PBXContainerItemProxy */;
		};
/* End PBXTargetDependency section */

/* Begin PBXVariantGroup section */
		7562CC582357566D00C4D33C /* Main.storyboard */ = {
			isa = PBXVariantGroup;
			children = (
				7562CC592357566D00C4D33C /* Base */,
			);
			name = Main.storyboard;
			sourceTree = "<group>";
		};
		7562CC5D2357566E00C4D33C /* LaunchScreen.storyboard */ = {
			isa = PBXVariantGroup;
			children = (
				7562CC5E2357566E00C4D33C /* Base */,
			);
			name = LaunchScreen.storyboard;
			sourceTree = "<group>";
		};
/* End PBXVariantGroup section */

/* Begin XCBuildConfiguration section */
		7562CC772357566E00C4D33C /* Debug */ = {
			isa = XCBuildConfiguration;
			buildSettings = {
				ALWAYS_SEARCH_USER_PATHS = NO;
				CLANG_ANALYZER_NONNULL = YES;
				CLANG_ANALYZER_NUMBER_OBJECT_CONVERSION = YES_AGGRESSIVE;
				CLANG_CXX_LANGUAGE_STANDARD = "gnu++14";
				CLANG_CXX_LIBRARY = "libc++";
				CLANG_ENABLE_MODULES = YES;
				CLANG_ENABLE_OBJC_ARC = YES;
				CLANG_ENABLE_OBJC_WEAK = YES;
				CLANG_WARN_BLOCK_CAPTURE_AUTORELEASING = YES;
				CLANG_WARN_BOOL_CONVERSION = YES;
				CLANG_WARN_COMMA = YES;
				CLANG_WARN_CONSTANT_CONVERSION = YES;
				CLANG_WARN_DEPRECATED_OBJC_IMPLEMENTATIONS = YES;
				CLANG_WARN_DIRECT_OBJC_ISA_USAGE = YES_ERROR;
				CLANG_WARN_DOCUMENTATION_COMMENTS = YES;
				CLANG_WARN_EMPTY_BODY = YES;
				CLANG_WARN_ENUM_CONVERSION = YES;
				CLANG_WARN_INFINITE_RECURSION = YES;
				CLANG_WARN_INT_CONVERSION = YES;
				CLANG_WARN_NON_LITERAL_NULL_CONVERSION = YES;
				CLANG_WARN_OBJC_IMPLICIT_RETAIN_SELF = YES;
				CLANG_WARN_OBJC_LITERAL_CONVERSION = YES;
				CLANG_WARN_OBJC_ROOT_CLASS = YES_ERROR;
				CLANG_WARN_RANGE_LOOP_ANALYSIS = YES;
				CLANG_WARN_STRICT_PROTOTYPES = YES;
				CLANG_WARN_SUSPICIOUS_MOVE = YES;
				CLANG_WARN_UNGUARDED_AVAILABILITY = YES_AGGRESSIVE;
				CLANG_WARN_UNREACHABLE_CODE = YES;
				CLANG_WARN__DUPLICATE_METHOD_MATCH = YES;
				COPY_PHASE_STRIP = NO;
				DEBUG_INFORMATION_FORMAT = dwarf;
				ENABLE_STRICT_OBJC_MSGSEND = YES;
				ENABLE_TESTABILITY = YES;
				GCC_C_LANGUAGE_STANDARD = gnu11;
				GCC_DYNAMIC_NO_PIC = NO;
				GCC_NO_COMMON_BLOCKS = YES;
				GCC_OPTIMIZATION_LEVEL = 0;
				GCC_PREPROCESSOR_DEFINITIONS = (
					"DEBUG=1",
					"$(inherited)",
				);
				GCC_WARN_64_TO_32_BIT_CONVERSION = YES;
				GCC_WARN_ABOUT_RETURN_TYPE = YES_ERROR;
				GCC_WARN_UNDECLARED_SELECTOR = YES;
				GCC_WARN_UNINITIALIZED_AUTOS = YES_AGGRESSIVE;
				GCC_WARN_UNUSED_FUNCTION = YES;
				GCC_WARN_UNUSED_VARIABLE = YES;
				IPHONEOS_DEPLOYMENT_TARGET = 13.1;
				MTL_ENABLE_DEBUG_INFO = INCLUDE_SOURCE;
				MTL_FAST_MATH = YES;
				ONLY_ACTIVE_ARCH = YES;
				SDKROOT = iphoneos;
				SWIFT_ACTIVE_COMPILATION_CONDITIONS = DEBUG;
				SWIFT_OPTIMIZATION_LEVEL = "-Onone";
			};
			name = Debug;
		};
		7562CC782357566E00C4D33C /* Release */ = {
			isa = XCBuildConfiguration;
			buildSettings = {
				ALWAYS_SEARCH_USER_PATHS = NO;
				CLANG_ANALYZER_NONNULL = YES;
				CLANG_ANALYZER_NUMBER_OBJECT_CONVERSION = YES_AGGRESSIVE;
				CLANG_CXX_LANGUAGE_STANDARD = "gnu++14";
				CLANG_CXX_LIBRARY = "libc++";
				CLANG_ENABLE_MODULES = YES;
				CLANG_ENABLE_OBJC_ARC = YES;
				CLANG_ENABLE_OBJC_WEAK = YES;
				CLANG_WARN_BLOCK_CAPTURE_AUTORELEASING = YES;
				CLANG_WARN_BOOL_CONVERSION = YES;
				CLANG_WARN_COMMA = YES;
				CLANG_WARN_CONSTANT_CONVERSION = YES;
				CLANG_WARN_DEPRECATED_OBJC_IMPLEMENTATIONS = YES;
				CLANG_WARN_DIRECT_OBJC_ISA_USAGE = YES_ERROR;
				CLANG_WARN_DOCUMENTATION_COMMENTS = YES;
				CLANG_WARN_EMPTY_BODY = YES;
				CLANG_WARN_ENUM_CONVERSION = YES;
				CLANG_WARN_INFINITE_RECURSION = YES;
				CLANG_WARN_INT_CONVERSION = YES;
				CLANG_WARN_NON_LITERAL_NULL_CONVERSION = YES;
				CLANG_WARN_OBJC_IMPLICIT_RETAIN_SELF = YES;
				CLANG_WARN_OBJC_LITERAL_CONVERSION = YES;
				CLANG_WARN_OBJC_ROOT_CLASS = YES_ERROR;
				CLANG_WARN_RANGE_LOOP_ANALYSIS = YES;
				CLANG_WARN_STRICT_PROTOTYPES = YES;
				CLANG_WARN_SUSPICIOUS_MOVE = YES;
				CLANG_WARN_UNGUARDED_AVAILABILITY = YES_AGGRESSIVE;
				CLANG_WARN_UNREACHABLE_CODE = YES;
				CLANG_WARN__DUPLICATE_METHOD_MATCH = YES;
				COPY_PHASE_STRIP = NO;
				DEBUG_INFORMATION_FORMAT = "dwarf-with-dsym";
				ENABLE_NS_ASSERTIONS = NO;
				ENABLE_STRICT_OBJC_MSGSEND = YES;
				GCC_C_LANGUAGE_STANDARD = gnu11;
				GCC_NO_COMMON_BLOCKS = YES;
				GCC_WARN_64_TO_32_BIT_CONVERSION = YES;
				GCC_WARN_ABOUT_RETURN_TYPE = YES_ERROR;
				GCC_WARN_UNDECLARED_SELECTOR = YES;
				GCC_WARN_UNINITIALIZED_AUTOS = YES_AGGRESSIVE;
				GCC_WARN_UNUSED_FUNCTION = YES;
				GCC_WARN_UNUSED_VARIABLE = YES;
				IPHONEOS_DEPLOYMENT_TARGET = 13.1;
				MTL_ENABLE_DEBUG_INFO = NO;
				MTL_FAST_MATH = YES;
				SDKROOT = iphoneos;
				SWIFT_COMPILATION_MODE = wholemodule;
				SWIFT_OPTIMIZATION_LEVEL = "-O";
				VALIDATE_PRODUCT = YES;
			};
			name = Release;
		};
		7562CC7A2357566E00C4D33C /* Debug */ = {
			isa = XCBuildConfiguration;
			buildSettings = {
				ASSETCATALOG_COMPILER_APPICON_NAME = AppIcon;
				CODE_SIGN_STYLE = Automatic;
				INFOPLIST_FILE = project4/Info.plist;
				LD_RUNPATH_SEARCH_PATHS = (
					"$(inherited)",
					"@executable_path/Frameworks",
				);
				PRODUCT_BUNDLE_IDENTIFIER = cs541.project4;
				PRODUCT_NAME = "$(TARGET_NAME)";
				SWIFT_VERSION = 5.0;
				TARGETED_DEVICE_FAMILY = "1,2";
			};
			name = Debug;
		};
		7562CC7B2357566E00C4D33C /* Release */ = {
			isa = XCBuildConfiguration;
			buildSettings = {
				ASSETCATALOG_COMPILER_APPICON_NAME = AppIcon;
				CODE_SIGN_STYLE = Automatic;
				INFOPLIST_FILE = project4/Info.plist;
				LD_RUNPATH_SEARCH_PATHS = (
					"$(inherited)",
					"@executable_path/Frameworks",
				);
				PRODUCT_BUNDLE_IDENTIFIER = cs541.project4;
				PRODUCT_NAME = "$(TARGET_NAME)";
				SWIFT_VERSION = 5.0;
				TARGETED_DEVICE_FAMILY = "1,2";
			};
			name = Release;
		};
		7562CC7D2357566E00C4D33C /* Debug */ = {
			isa = XCBuildConfiguration;
			buildSettings = {
				ALWAYS_EMBED_SWIFT_STANDARD_LIBRARIES = YES;
				BUNDLE_LOADER = "$(TEST_HOST)";
				CODE_SIGN_STYLE = Automatic;
				INFOPLIST_FILE = project4Tests/Info.plist;
				IPHONEOS_DEPLOYMENT_TARGET = 13.1;
				LD_RUNPATH_SEARCH_PATHS = (
					"$(inherited)",
					"@executable_path/Frameworks",
					"@loader_path/Frameworks",
				);
				PRODUCT_BUNDLE_IDENTIFIER = cs541.project4Tests;
				PRODUCT_NAME = "$(TARGET_NAME)";
				SWIFT_VERSION = 5.0;
				TARGETED_DEVICE_FAMILY = "1,2";
				TEST_HOST = "$(BUILT_PRODUCTS_DIR)/project4.app/project4";
			};
			name = Debug;
		};
		7562CC7E2357566E00C4D33C /* Release */ = {
			isa = XCBuildConfiguration;
			buildSettings = {
				ALWAYS_EMBED_SWIFT_STANDARD_LIBRARIES = YES;
				BUNDLE_LOADER = "$(TEST_HOST)";
				CODE_SIGN_STYLE = Automatic;
				INFOPLIST_FILE = project4Tests/Info.plist;
				IPHONEOS_DEPLOYMENT_TARGET = 13.1;
				LD_RUNPATH_SEARCH_PATHS = (
					"$(inherited)",
					"@executable_path/Frameworks",
					"@loader_path/Frameworks",
				);
				PRODUCT_BUNDLE_IDENTIFIER = cs541.project4Tests;
				PRODUCT_NAME = "$(TARGET_NAME)";
				SWIFT_VERSION = 5.0;
				TARGETED_DEVICE_FAMILY = "1,2";
				TEST_HOST = "$(BUILT_PRODUCTS_DIR)/project4.app/project4";
			};
			name = Release;
		};
		7562CC802357566E00C4D33C /* Debug */ = {
			isa = XCBuildConfiguration;
			buildSettings = {
				ALWAYS_EMBED_SWIFT_STANDARD_LIBRARIES = YES;
				CODE_SIGN_STYLE = Automatic;
				INFOPLIST_FILE = project4UITests/Info.plist;
				LD_RUNPATH_SEARCH_PATHS = (
					"$(inherited)",
					"@executable_path/Frameworks",
					"@loader_path/Frameworks",
				);
				PRODUCT_BUNDLE_IDENTIFIER = cs541.project4UITests;
				PRODUCT_NAME = "$(TARGET_NAME)";
				SWIFT_VERSION = 5.0;
				TARGETED_DEVICE_FAMILY = "1,2";
				TEST_TARGET_NAME = project4;
			};
			name = Debug;
		};
		7562CC812357566E00C4D33C /* Release */ = {
			isa = XCBuildConfiguration;
			buildSettings = {
				ALWAYS_EMBED_SWIFT_STANDARD_LIBRARIES = YES;
				CODE_SIGN_STYLE = Automatic;
				INFOPLIST_FILE = project4UITests/Info.plist;
				LD_RUNPATH_SEARCH_PATHS = (
					"$(inherited)",
					"@executable_path/Frameworks",
					"@loader_path/Frameworks",
				);
				PRODUCT_BUNDLE_IDENTIFIER = cs541.project4UITests;
				PRODUCT_NAME = "$(TARGET_NAME)";
				SWIFT_VERSION = 5.0;
				TARGETED_DEVICE_FAMILY = "1,2";
				TEST_TARGET_NAME = project4;
			};
			name = Release;
		};
/* End XCBuildConfiguration section */

/* Begin XCConfigurationList section */
		7562CC462357566D00C4D33C /* Build configuration list for PBXProject "project4" */ = {
			isa = XCConfigurationList;
			buildConfigurations = (
				7562CC772357566E00C4D33C /* Debug */,
				7562CC782357566E00C4D33C /* Release */,
			);
			defaultConfigurationIsVisible = 0;
			defaultConfigurationName = Release;
		};
		7562CC792357566E00C4D33C /* Build configuration list for PBXNativeTarget "project4" */ = {
			isa = XCConfigurationList;
			buildConfigurations = (
				7562CC7A2357566E00C4D33C /* Debug */,
				7562CC7B2357566E00C4D33C /* Release */,
			);
			defaultConfigurationIsVisible = 0;
			defaultConfigurationName = Release;
		};
		7562CC7C2357566E00C4D33C /* Build configuration list for PBXNativeTarget "project4Tests" */ = {
			isa = XCConfigurationList;
			buildConfigurations = (
				7562CC7D2357566E00C4D33C /* Debug */,
				7562CC7E2357566E00C4D33C /* Release */,
			);
			defaultConfigurationIsVisible = 0;
			defaultConfigurationName = Release;
		};
		7562CC7F2357566E00C4D33C /* Build configuration list for PBXNativeTarget "project4UITests" */ = {
			isa = XCConfigurationList;
			buildConfigurations = (
				7562CC802357566E00C4D33C /* Debug */,
				7562CC812357566E00C4D33C /* Release */,
			);
			defaultConfigurationIsVisible = 0;
			defaultConfigurationName = Release;
		};
/* End XCConfigurationList section */
	};
	rootObject = 7562CC432357566D00C4D33C /* Project object */;
}
